{
  "nodes": {
    "ffplug": {
      "inputs": {
        "flake-utils": "flake-utils",
        "nixpkgs": "nixpkgs"
      },
      "locked": {
        "lastModified": 1686507996,
        "narHash": "sha256-il8/c8t0hRSqUYGmHjCOI1/wimK51SFVn/WRk6uEaus=",
        "owner": "midoBB",
        "repo": "myFirefoxPlugins",
        "rev": "7f8f4b869d7806248a2d38f041400cd830f273cf",
        "type": "github"
      },
      "original": {
        "owner": "midoBB",
        "repo": "myFirefoxPlugins",
        "type": "github"
      }
    },
    "flake-utils": {
      "inputs": {
        "systems": "systems"
      },
      "locked": {
        "lastModified": 1681202837,
        "narHash": "sha256-H+Rh19JDwRtpVPAWp64F+rlEtxUWBAQW28eAi3SRSzg=",
        "owner": "numtide",
        "repo": "flake-utils",
        "rev": "cfacdce06f30d2b68473a46042957675eebb3401",
        "type": "github"
      },
      "original": {
        "owner": "numtide",
        "repo": "flake-utils",
        "type": "github"
      }
    },
    "home-manager": {
      "inputs": {
        "nixpkgs": [
          "nixpkgs"
        ]
      },
      "locked": {
        "lastModified": 1687871164,
        "narHash": "sha256-bBFlPthuYX322xOlpJvkjUBz0C+MOBjZdDOOJJ+G2jU=",
        "owner": "nix-community",
        "repo": "home-manager",
        "rev": "07c347bb50994691d7b0095f45ebd8838cf6bc38",
        "type": "github"
      },
      "original": {
        "owner": "nix-community",
        "ref": "release-23.05",
        "repo": "home-manager",
        "type": "github"
      }
    },
    "nixpkgs": {
      "locked": {
        "lastModified": 1684759798,
        "narHash": "sha256-Kpbf5yKvKcj/yPqE1zYC6gju4JwTsYxTIZEvOII0jr4=",
        "owner": "nixos",
        "repo": "nixpkgs",
        "rev": "c7eb65213bd7d95eafb8c5e2e181f04da103d054",
        "type": "github"
      },
      "original": {
        "owner": "nixos",
        "ref": "nixpkgs-unstable",
        "repo": "nixpkgs",
        "type": "github"
      }
    },
    "nixpkgs-master": {
      "locked": {
        "lastModified": 1689587088,
        "narHash": "sha256-fgvosmfO1LvPXfwjnbDoy27OLEDpy4py6B2/HIYdneA=",
        "owner": "NixOS",
        "repo": "nixpkgs",
        "rev": "b4c0a4370ea1afc0696650c32005253f550a31d0",
        "type": "github"
      },
      "original": {
        "id": "nixpkgs",
        "ref": "master",
        "type": "indirect"
      }
    },
    "nixpkgs-unstable": {
      "locked": {
        "lastModified": 1689534811,
        "narHash": "sha256-jnSUdzD/414d94plCyNlvTJJtiTogTep6t7ZgIKIHiE=",
        "owner": "nixos",
        "repo": "nixpkgs",
        "rev": "6cee3b5893090b0f5f0a06b4cf42ca4e60e5d222",
        "type": "github"
      },
      "original": {
        "owner": "nixos",
        "ref": "nixos-unstable",
        "repo": "nixpkgs",
        "type": "github"
      }
    },
    "nixpkgs_2": {
      "locked": {
        "lastModified": 1689503327,
        "narHash": "sha256-qVwzYLA8oT2oWNDXO0A3bZHOhoPOihIB9T677+Hor1E=",
        "owner": "NixOS",
        "repo": "nixpkgs",
        "rev": "f64b9738da8e86195766147e9752c67fccee006c",
        "type": "github"
      },
      "original": {
        "id": "nixpkgs",
        "ref": "nixos-23.05",
        "type": "indirect"
      }
    },
    "nur": {
      "locked": {
        "lastModified": 1689587093,
        "narHash": "sha256-nW363ShPvm11YlxD2G516WPEKtGfFwDBCL+4tMFByJU=",
        "owner": "nix-community",
        "repo": "NUR",
        "rev": "46138202326facdfd677a4caed8b86a480baec6e",
        "type": "github"
      },
      "original": {
        "owner": "nix-community",
        "repo": "NUR",
        "type": "github"
      }
    },
    "root": {
      "inputs": {
        "ffplug": "ffplug",
        "home-manager": "home-manager",
        "nixpkgs": "nixpkgs_2",
        "nixpkgs-master": "nixpkgs-master",
        "nixpkgs-unstable": "nixpkgs-unstable",
        "nur": "nur"
      }
    },
    "systems": {
      "locked": {
        "lastModified": 1681028828,
        "narHash": "sha256-Vy1rq5AaRuLzOxct8nz4T6wlgyUR7zLU309k9mBC768=",
        "owner": "nix-systems",
        "repo": "default",
        "rev": "da67096a3b9bf56a91d16901293e51ba5b49a27e",
        "type": "github"
      },
      "original": {
        "owner": "nix-systems",
        "repo": "default",
        "type": "github"
      }
    }
  },
  "root": "root",
  "version": 7
}
